
Microsoft Visual Studio Solution File, Format Version 12.00
# Visual Studio 15
VisualStudioVersion = 15.0.28307.757
MinimumVisualStudioVersion = 10.0.40219.1
Project("{8BC9CEB8-8B4A-11D0-8D11-00A0C91BC942}") = "tdnn-c", "tdnn-c\tdnn-c.vcxproj", "{EC6AE2E5-FB6A-4E55-A4AB-98DF6F00E960}"
EndProject
Global
	GlobalSection(SolutionConfigurationPlatforms) = preSolution
		Debug|ARM = Debug|ARM
		Debug|ARM64 = Debug|ARM64
		Debug|x64 = Debug|x64
		Debug|x86 = Debug|x86
		Release|ARM = Release|ARM
		Release|ARM64 = Release|ARM64
		Release|x64 = Release|x64
		Release|x86 = Release|x86
	EndGlobalSection
	GlobalSection(ProjectConfigurationPlatforms) = postSolution
		{EC6AE2E5-FB6A-4E55-A4AB-98DF6F00E960}.Debug|ARM.ActiveCfg = Debug|ARM
		{EC6AE2E5-FB6A-4E55-A4AB-98DF6F00E960}.Debug|ARM.Build.0 = Debug|ARM
		{EC6AE2E5-FB6A-4E55-A4AB-98DF6F00E960}.Debug|ARM64.ActiveCfg = Debug|ARM64
		{EC6AE2E5-FB6A-4E55-A4AB-98DF6F00E960}.Debug|ARM64.Build.0 = Debug|ARM64
		{EC6AE2E5-FB6A-4E55-A4AB-98DF6F00E960}.Debug|x64.ActiveCfg = Debug|x64
		{EC6AE2E5-FB6A-4E55-A4AB-98DF6F00E960}.Debug|x64.Build.0 = Debug|x64
		{EC6AE2E5-FB6A-4E55-A4AB-98DF6F00E960}.Debug|x86.ActiveCfg = Debug|x86
		{EC6AE2E5-FB6A-4E55-A4AB-98DF6F00E960}.Debug|x86.Build.0 = Debug|x86
		{EC6AE2E5-FB6A-4E55-A4AB-98DF6F00E960}.Release|ARM.ActiveCfg = Release|ARM
		{EC6AE2E5-FB6A-4E55-A4AB-98DF6F00E960}.Release|ARM.Build.0 = Release|ARM
		{EC6AE2E5-FB6A-4E55-A4AB-98DF6F00E960}.Release|ARM64.ActiveCfg = Release|ARM64
		{EC6AE2E5-FB6A-4E55-A4AB-98DF6F00E960}.Release|ARM64.Build.0 = Release|ARM64
		{EC6AE2E5-FB6A-4E55-A4AB-98DF6F00E960}.Release|x64.ActiveCfg = Release|x64
		{EC6AE2E5-FB6A-4E55-A4AB-98DF6F00E960}.Release|x64.Build.0 = Release|x64
		{EC6AE2E5-FB6A-4E55-A4AB-98DF6F00E960}.Release|x86.ActiveCfg = Release|x86
		{EC6AE2E5-FB6A-4E55-A4AB-98DF6F00E960}.Release|x86.Build.0 = Release|x86
	EndGlobalSection
	GlobalSection(SolutionProperties) = preSolution
		HideSolutionNode = FALSE
	EndGlobalSection
	GlobalSection(ExtensibilityGlobals) = postSolution
		SolutionGuid = {C036D946-146D-472D-92F8-3F8974242501}
	EndGlobalSection
EndGlobal
